
Microsoft Visual Studio Solution File, Format Version 12.00
# Visual Studio Version 17
VisualStudioVersion = 17.0.32014.148
MinimumVisualStudioVersion = 10.0.40219.1
Project("{9A19103F-16F7-4668-BE54-9A1E7A4F7556}") = "HFan.Web.Application", "HFan.Web.Application\HFan.Web.Application.csproj", "{A25BA424-0C8C-4256-8EB3-169367BB7D84}"
EndProject
Project("{9A19103F-16F7-4668-BE54-9A1E7A4F7556}") = "HFAN.Web", "HFAN.Web\HFAN.Web.csproj", "{9A313131-3453-4455-AE15-C466253705BD}"
EndProject
Global
	GlobalSection(SolutionConfigurationPlatforms) = preSolution
		Debug|Any CPU = Debug|Any CPU
		Release|Any CPU = Release|Any CPU
	EndGlobalSection
	GlobalSection(ProjectConfigurationPlatforms) = postSolution
		{A25BA424-0C8C-4256-8EB3-169367BB7D84}.Debug|Any CPU.ActiveCfg = Debug|Any CPU
		{A25BA424-0C8C-4256-8EB3-169367BB7D84}.Debug|Any CPU.Build.0 = Debug|Any CPU
		{A25BA424-0C8C-4256-8EB3-169367BB7D84}.Release|Any CPU.ActiveCfg = Release|Any CPU
		{A25BA424-0C8C-4256-8EB3-169367BB7D84}.Release|Any CPU.Build.0 = Release|Any CPU
		{9A313131-3453-4455-AE15-C466253705BD}.Debug|Any CPU.ActiveCfg = Debug|Any CPU
		{9A313131-3453-4455-AE15-C466253705BD}.Debug|Any CPU.Build.0 = Debug|Any CPU
		{9A313131-3453-4455-AE15-C466253705BD}.Release|Any CPU.ActiveCfg = Release|Any CPU
		{9A313131-3453-4455-AE15-C466253705BD}.Release|Any CPU.Build.0 = Release|Any CPU
	EndGlobalSection
	GlobalSection(SolutionProperties) = preSolution
		HideSolutionNode = FALSE
	EndGlobalSection
	GlobalSection(ExtensibilityGlobals) = postSolution
		SolutionGuid = {8772B900-791E-4EA4-9A87-78744AB1B9DE}
	EndGlobalSection
EndGlobal
