
Microsoft Visual Studio Solution File, Format Version 12.00
# Visual Studio Version 17
VisualStudioVersion = 17.0.32014.148
MinimumVisualStudioVersion = 10.0.40219.1
Project("{FAE04EC0-301F-11D3-BF4B-00C04F79EFBC}") = "HFan.Web.Application", "HFan.Web.Application\HFan.Web.Application.csproj", "{A25BA424-0C8C-4256-8EB3-169367BB7D84}"
EndProject
Global
	GlobalSection(SolutionConfigurationPlatforms) = preSolution
		Debug|Any CPU = Debug|Any CPU
		Release|Any CPU = Release|Any CPU
	EndGlobalSection
	GlobalSection(ProjectConfigurationPlatforms) = postSolution
		{A25BA424-0C8C-4256-8EB3-169367BB7D84}.Debug|Any CPU.ActiveCfg = Debug|Any CPU
		{A25BA424-0C8C-4256-8EB3-169367BB7D84}.Debug|Any CPU.Build.0 = Debug|Any CPU
		{A25BA424-0C8C-4256-8EB3-169367BB7D84}.Release|Any CPU.ActiveCfg = Release|Any CPU
		{A25BA424-0C8C-4256-8EB3-169367BB7D84}.Release|Any CPU.Build.0 = Release|Any CPU
	EndGlobalSection
	GlobalSection(SolutionProperties) = preSolution
		HideSolutionNode = FALSE
	EndGlobalSection
	GlobalSection(ExtensibilityGlobals) = postSolution
		SolutionGuid = {8772B900-791E-4EA4-9A87-78744AB1B9DE}
	EndGlobalSection
EndGlobal
